Microsoft Visual Studio Solution File, Format Version 12.00
# Visual Studio Version 16
VisualStudioVersion = 16.0.29920.165
MinimumVisualStudioVersion = 15.0.26124.0

Project("{D954291E-2A0B-460D-934E-DC6B0785DB48}") = "__change__.Shared", "__change__.Shared\__change__.Shared.shproj", "{6279C845-92F8-4333-AB99-3D213163593C}"
EndProject


Project("{9A19103F-16F7-4668-BE54-9A1E7A4F7556}") = "__change__.Skia.Gtk", "__change__.Skia.Gtk\__change__.Skia.Gtk.csproj", "{A5B8155A-118F-4794-B551-C6F3CF7E5411}"
EndProject



Global
	GlobalSection(SharedMSBuildProjectFiles) = preSolution
		__change__.Shared\__change__.Shared.projitems*{BAF407DE-7306-4844-BF5B-E01FCD09A562}*SharedItemsImports = 4
		__change__.Shared\__change__.Shared.projitems*{004EFBEC-91EC-4970-A39A-B20FFF4321D5}*SharedItemsImports = 5
		__change__.Shared\__change__.Shared.projitems*{90A63E83-44C2-4495-8B55-933B1D6CF971}*SharedItemsImports = 4
		__change__.Shared\__change__.Shared.projitems*{40ea03f7-8a22-4143-b251-79bac3eb13d2}*SharedItemsImports = 5
		__change__.Shared\__change__.Shared.projitems*{a5b8155a-118f-4794-b551-c6f3cf7e5411}*SharedItemsImports = 5
		__change__.Shared\__change__.Shared.projitems*{E498C302-4912-4393-8A8F-CE5A82ACF5A3}*SharedItemsImports = 4
		__change__.Shared\__change__.Shared.projitems*{6279c845-92f8-4333-ab99-3d213163593c}*SharedItemsImports = 13
		__change__.Shared\__change__.Shared.projitems*{04063425-E8F7-45C4-A45B-0D2B111F4AA4}*SharedItemsImports = 4
	EndGlobalSection
	GlobalSection(SolutionConfigurationPlatforms) = preSolution
		Debug|Any CPU = Debug|Any CPU
		Debug|ARM = Debug|ARM
		Debug|ARM64 = Debug|ARM64
		Debug|iPhone = Debug|iPhone
		Debug|iPhoneSimulator = Debug|iPhoneSimulator
		Debug|x64 = Debug|x64
		Debug|x86 = Debug|x86
		Release|Any CPU = Release|Any CPU
		Release|ARM = Release|ARM
		Release|ARM64 = Release|ARM64
		Release|iPhone = Release|iPhone
		Release|iPhoneSimulator = Release|iPhoneSimulator
		Release|x64 = Release|x64
		Release|x86 = Release|x86
	EndGlobalSection
	GlobalSection(ProjectConfigurationPlatforms) = postSolution
		{BAF407DE-7306-4844-BF5B-E01FCD09A562}.Debug|Any CPU.ActiveCfg = Debug|Any CPU
		{BAF407DE-7306-4844-BF5B-E01FCD09A562}.Debug|Any CPU.Build.0 = Debug|Any CPU
		{BAF407DE-7306-4844-BF5B-E01FCD09A562}.Debug|Any CPU.Deploy.0 = Debug|Any CPU
		{BAF407DE-7306-4844-BF5B-E01FCD09A562}.Debug|ARM.ActiveCfg = Debug|Any CPU
		{BAF407DE-7306-4844-BF5B-E01FCD09A562}.Debug|ARM.Build.0 = Debug|Any CPU
		{BAF407DE-7306-4844-BF5B-E01FCD09A562}.Debug|ARM.Deploy.0 = Debug|Any CPU
		{BAF407DE-7306-4844-BF5B-E01FCD09A562}.Debug|ARM64.ActiveCfg = Debug|Any CPU
		{BAF407DE-7306-4844-BF5B-E01FCD09A562}.Debug|ARM64.Build.0 = Debug|Any CPU
		{BAF407DE-7306-4844-BF5B-E01FCD09A562}.Debug|ARM64.Deploy.0 = Debug|Any CPU
		{BAF407DE-7306-4844-BF5B-E01FCD09A562}.Debug|iPhone.ActiveCfg = Debug|Any CPU
		{BAF407DE-7306-4844-BF5B-E01FCD09A562}.Debug|iPhone.Build.0 = Debug|Any CPU
		{BAF407DE-7306-4844-BF5B-E01FCD09A562}.Debug|iPhone.Deploy.0 = Debug|Any CPU
		{BAF407DE-7306-4844-BF5B-E01FCD09A562}.Debug|iPhoneSimulator.ActiveCfg = Debug|Any CPU
		{BAF407DE-7306-4844-BF5B-E01FCD09A562}.Debug|iPhoneSimulator.Build.0 = Debug|Any CPU
		{BAF407DE-7306-4844-BF5B-E01FCD09A562}.Debug|iPhoneSimulator.Deploy.0 = Debug|Any CPU
		{BAF407DE-7306-4844-BF5B-E01FCD09A562}.Debug|x64.ActiveCfg = Debug|Any CPU
		{BAF407DE-7306-4844-BF5B-E01FCD09A562}.Debug|x64.Build.0 = Debug|Any CPU
		{BAF407DE-7306-4844-BF5B-E01FCD09A562}.Debug|x64.Deploy.0 = Debug|Any CPU
		{BAF407DE-7306-4844-BF5B-E01FCD09A562}.Debug|x86.ActiveCfg = Debug|Any CPU
		{BAF407DE-7306-4844-BF5B-E01FCD09A562}.Debug|x86.Build.0 = Debug|Any CPU
		{BAF407DE-7306-4844-BF5B-E01FCD09A562}.Debug|x86.Deploy.0 = Debug|Any CPU

		{BAF407DE-7306-4844-BF5B-E01FCD09A562}.Release|Any CPU.ActiveCfg = Release|Any CPU
		{BAF407DE-7306-4844-BF5B-E01FCD09A562}.Release|Any CPU.Build.0 = Release|Any CPU
		{BAF407DE-7306-4844-BF5B-E01FCD09A562}.Release|Any CPU.Deploy.0 = Release|Any CPU
		{BAF407DE-7306-4844-BF5B-E01FCD09A562}.Release|ARM.ActiveCfg = Release|Any CPU
		{BAF407DE-7306-4844-BF5B-E01FCD09A562}.Release|ARM.Build.0 = Release|Any CPU
		{BAF407DE-7306-4844-BF5B-E01FCD09A562}.Release|ARM.Deploy.0 = Release|Any CPU
		{BAF407DE-7306-4844-BF5B-E01FCD09A562}.Release|ARM64.ActiveCfg = Release|Any CPU
		{BAF407DE-7306-4844-BF5B-E01FCD09A562}.Release|ARM64.Build.0 = Release|Any CPU
		{BAF407DE-7306-4844-BF5B-E01FCD09A562}.Release|ARM64.Deploy.0 = Release|Any CPU
		{BAF407DE-7306-4844-BF5B-E01FCD09A562}.Release|iPhone.ActiveCfg = Release|Any CPU
		{BAF407DE-7306-4844-BF5B-E01FCD09A562}.Release|iPhone.Build.0 = Release|Any CPU
		{BAF407DE-7306-4844-BF5B-E01FCD09A562}.Release|iPhone.Deploy.0 = Release|Any CPU
		{BAF407DE-7306-4844-BF5B-E01FCD09A562}.Release|iPhoneSimulator.ActiveCfg = Release|Any CPU
		{BAF407DE-7306-4844-BF5B-E01FCD09A562}.Release|iPhoneSimulator.Build.0 = Release|Any CPU
		{BAF407DE-7306-4844-BF5B-E01FCD09A562}.Release|iPhoneSimulator.Deploy.0 = Release|Any CPU
		{BAF407DE-7306-4844-BF5B-E01FCD09A562}.Release|x64.ActiveCfg = Release|Any CPU
		{BAF407DE-7306-4844-BF5B-E01FCD09A562}.Release|x64.Build.0 = Release|Any CPU
		{BAF407DE-7306-4844-BF5B-E01FCD09A562}.Release|x64.Deploy.0 = Release|Any CPU
		{BAF407DE-7306-4844-BF5B-E01FCD09A562}.Release|x86.ActiveCfg = Release|Any CPU
		{BAF407DE-7306-4844-BF5B-E01FCD09A562}.Release|x86.Build.0 = Release|Any CPU
		{BAF407DE-7306-4844-BF5B-E01FCD09A562}.Release|x86.Deploy.0 = Release|Any CPU
		{E498C302-4912-4393-8A8F-CE5A82ACF5A3}.Debug|Any CPU.ActiveCfg = Debug|iPhone
		{E498C302-4912-4393-8A8F-CE5A82ACF5A3}.Debug|Any CPU.Build.0 = Debug|iPhone
		{E498C302-4912-4393-8A8F-CE5A82ACF5A3}.Debug|Any CPU.Deploy.0 = Debug|iPhone
		{E498C302-4912-4393-8A8F-CE5A82ACF5A3}.Debug|ARM.ActiveCfg = Debug|iPhone
		{E498C302-4912-4393-8A8F-CE5A82ACF5A3}.Debug|ARM64.ActiveCfg = Debug|iPhone
		{E498C302-4912-4393-8A8F-CE5A82ACF5A3}.Debug|iPhone.ActiveCfg = Debug|iPhone
		{E498C302-4912-4393-8A8F-CE5A82ACF5A3}.Debug|iPhone.Build.0 = Debug|iPhone
		{E498C302-4912-4393-8A8F-CE5A82ACF5A3}.Debug|iPhoneSimulator.ActiveCfg = Debug|iPhoneSimulator
		{E498C302-4912-4393-8A8F-CE5A82ACF5A3}.Debug|iPhoneSimulator.Build.0 = Debug|iPhoneSimulator
		{E498C302-4912-4393-8A8F-CE5A82ACF5A3}.Debug|x64.ActiveCfg = Debug|iPhone
		{E498C302-4912-4393-8A8F-CE5A82ACF5A3}.Debug|x64.Build.0 = Debug|iPhone
		{E498C302-4912-4393-8A8F-CE5A82ACF5A3}.Debug|x64.Deploy.0 = Debug|iPhone
		{E498C302-4912-4393-8A8F-CE5A82ACF5A3}.Debug|x86.ActiveCfg = Debug|iPhoneSimulator
		{E498C302-4912-4393-8A8F-CE5A82ACF5A3}.Debug|x86.Build.0 = Debug|iPhoneSimulator
		{E498C302-4912-4393-8A8F-CE5A82ACF5A3}.Debug|x86.Deploy.0 = Debug|iPhoneSimulator
		{E498C302-4912-4393-8A8F-CE5A82ACF5A3}.Release|Any CPU.ActiveCfg = Release|iPhone
		{E498C302-4912-4393-8A8F-CE5A82ACF5A3}.Release|ARM.ActiveCfg = Release|iPhone
		{E498C302-4912-4393-8A8F-CE5A82ACF5A3}.Release|ARM64.ActiveCfg = Release|iPhone
		{E498C302-4912-4393-8A8F-CE5A82ACF5A3}.Release|iPhone.ActiveCfg = Release|iPhone
		{E498C302-4912-4393-8A8F-CE5A82ACF5A3}.Release|iPhone.Build.0 = Release|iPhone
		{E498C302-4912-4393-8A8F-CE5A82ACF5A3}.Release|iPhoneSimulator.ActiveCfg = Release|iPhoneSimulator
		{E498C302-4912-4393-8A8F-CE5A82ACF5A3}.Release|iPhoneSimulator.Build.0 = Release|iPhoneSimulator
		{E498C302-4912-4393-8A8F-CE5A82ACF5A3}.Release|x64.ActiveCfg = Release|iPhoneSimulator
		{E498C302-4912-4393-8A8F-CE5A82ACF5A3}.Release|x64.Build.0 = Release|iPhoneSimulator
		{E498C302-4912-4393-8A8F-CE5A82ACF5A3}.Release|x64.Deploy.0 = Release|iPhoneSimulator
		{E498C302-4912-4393-8A8F-CE5A82ACF5A3}.Release|x86.ActiveCfg = Release|iPhoneSimulator
		{E498C302-4912-4393-8A8F-CE5A82ACF5A3}.Release|x86.Build.0 = Release|iPhoneSimulator

		{04063425-E8F7-45C4-A45B-0D2B111F4AA4}.Debug|Any CPU.ActiveCfg = Debug|x86
		{04063425-E8F7-45C4-A45B-0D2B111F4AA4}.Debug|Any CPU.Build.0 = Debug|x86
		{04063425-E8F7-45C4-A45B-0D2B111F4AA4}.Debug|Any CPU.Deploy.0 = Debug|x86
		{04063425-E8F7-45C4-A45B-0D2B111F4AA4}.Debug|ARM.ActiveCfg = Debug|ARM
		{04063425-E8F7-45C4-A45B-0D2B111F4AA4}.Debug|ARM.Build.0 = Debug|ARM
		{04063425-E8F7-45C4-A45B-0D2B111F4AA4}.Debug|ARM.Deploy.0 = Debug|ARM
		{04063425-E8F7-45C4-A45B-0D2B111F4AA4}.Debug|ARM64.ActiveCfg = Debug|ARM64
		{04063425-E8F7-45C4-A45B-0D2B111F4AA4}.Debug|ARM64.Build.0 = Debug|ARM64
		{04063425-E8F7-45C4-A45B-0D2B111F4AA4}.Debug|ARM64.Deploy.0 = Debug|ARM64
		{04063425-E8F7-45C4-A45B-0D2B111F4AA4}.Debug|iPhone.ActiveCfg = Debug|x86
		{04063425-E8F7-45C4-A45B-0D2B111F4AA4}.Debug|iPhone.Build.0 = Debug|x86
		{04063425-E8F7-45C4-A45B-0D2B111F4AA4}.Debug|iPhone.Deploy.0 = Debug|x86
		{04063425-E8F7-45C4-A45B-0D2B111F4AA4}.Debug|iPhoneSimulator.ActiveCfg = Debug|x86
		{04063425-E8F7-45C4-A45B-0D2B111F4AA4}.Debug|iPhoneSimulator.Build.0 = Debug|x86
		{04063425-E8F7-45C4-A45B-0D2B111F4AA4}.Debug|iPhoneSimulator.Deploy.0 = Debug|x86
		{04063425-E8F7-45C4-A45B-0D2B111F4AA4}.Debug|x64.ActiveCfg = Debug|x64
		{04063425-E8F7-45C4-A45B-0D2B111F4AA4}.Debug|x64.Build.0 = Debug|x64
		{04063425-E8F7-45C4-A45B-0D2B111F4AA4}.Debug|x64.Deploy.0 = Debug|x64
		{04063425-E8F7-45C4-A45B-0D2B111F4AA4}.Debug|x86.ActiveCfg = Debug|x86
		{04063425-E8F7-45C4-A45B-0D2B111F4AA4}.Debug|x86.Build.0 = Debug|x86
		{04063425-E8F7-45C4-A45B-0D2B111F4AA4}.Debug|x86.Deploy.0 = Debug|x86
		{04063425-E8F7-45C4-A45B-0D2B111F4AA4}.Release|Any CPU.ActiveCfg = Release|x86
		{04063425-E8F7-45C4-A45B-0D2B111F4AA4}.Release|ARM.ActiveCfg = Release|ARM
		{04063425-E8F7-45C4-A45B-0D2B111F4AA4}.Release|ARM.Build.0 = Release|ARM
		{04063425-E8F7-45C4-A45B-0D2B111F4AA4}.Release|ARM.Deploy.0 = Release|ARM
		{04063425-E8F7-45C4-A45B-0D2B111F4AA4}.Release|ARM64.ActiveCfg = Release|ARM64
		{04063425-E8F7-45C4-A45B-0D2B111F4AA4}.Release|ARM64.Build.0 = Release|ARM64
		{04063425-E8F7-45C4-A45B-0D2B111F4AA4}.Release|ARM64.Deploy.0 = Release|ARM64
		{04063425-E8F7-45C4-A45B-0D2B111F4AA4}.Release|iPhone.ActiveCfg = Release|x86
		{04063425-E8F7-45C4-A45B-0D2B111F4AA4}.Release|iPhone.Build.0 = Release|x86
		{04063425-E8F7-45C4-A45B-0D2B111F4AA4}.Release|iPhoneSimulator.ActiveCfg = Release|x86
		{04063425-E8F7-45C4-A45B-0D2B111F4AA4}.Release|iPhoneSimulator.Build.0 = Release|x86
		{04063425-E8F7-45C4-A45B-0D2B111F4AA4}.Release|iPhoneSimulator.Deploy.0 = Release|x86
		{04063425-E8F7-45C4-A45B-0D2B111F4AA4}.Release|x64.ActiveCfg = Release|x64
		{04063425-E8F7-45C4-A45B-0D2B111F4AA4}.Release|x64.Build.0 = Release|x64
		{04063425-E8F7-45C4-A45B-0D2B111F4AA4}.Release|x64.Deploy.0 = Release|x64
		{04063425-E8F7-45C4-A45B-0D2B111F4AA4}.Release|x86.ActiveCfg = Release|x86
		{04063425-E8F7-45C4-A45B-0D2B111F4AA4}.Release|x86.Build.0 = Release|x86
		{04063425-E8F7-45C4-A45B-0D2B111F4AA4}.Release|x86.Deploy.0 = Release|x86

		{004EFBEC-91EC-4970-A39A-B20FFF4321D5}.Debug|Any CPU.ActiveCfg = Debug|Any CPU
		{004EFBEC-91EC-4970-A39A-B20FFF4321D5}.Debug|Any CPU.Build.0 = Debug|Any CPU
		{004EFBEC-91EC-4970-A39A-B20FFF4321D5}.Debug|Any CPU.Deploy.0 = Debug|Any CPU
		{004EFBEC-91EC-4970-A39A-B20FFF4321D5}.Debug|ARM.ActiveCfg = Debug|Any CPU
		{004EFBEC-91EC-4970-A39A-B20FFF4321D5}.Debug|ARM.Build.0 = Debug|Any CPU
		{004EFBEC-91EC-4970-A39A-B20FFF4321D5}.Debug|ARM.Deploy.0 = Debug|Any CPU
		{004EFBEC-91EC-4970-A39A-B20FFF4321D5}.Debug|ARM64.ActiveCfg = Debug|Any CPU
		{004EFBEC-91EC-4970-A39A-B20FFF4321D5}.Debug|ARM64.Build.0 = Debug|Any CPU
		{004EFBEC-91EC-4970-A39A-B20FFF4321D5}.Debug|ARM64.Deploy.0 = Debug|Any CPU
		{004EFBEC-91EC-4970-A39A-B20FFF4321D5}.Debug|iPhone.ActiveCfg = Debug|Any CPU
		{004EFBEC-91EC-4970-A39A-B20FFF4321D5}.Debug|iPhone.Build.0 = Debug|Any CPU
		{004EFBEC-91EC-4970-A39A-B20FFF4321D5}.Debug|iPhone.Deploy.0 = Debug|Any CPU
		{004EFBEC-91EC-4970-A39A-B20FFF4321D5}.Debug|iPhoneSimulator.ActiveCfg = Debug|Any CPU
		{004EFBEC-91EC-4970-A39A-B20FFF4321D5}.Debug|iPhoneSimulator.Build.0 = Debug|Any CPU
		{004EFBEC-91EC-4970-A39A-B20FFF4321D5}.Debug|iPhoneSimulator.Deploy.0 = Debug|Any CPU
		{004EFBEC-91EC-4970-A39A-B20FFF4321D5}.Debug|x64.ActiveCfg = Debug|Any CPU
		{004EFBEC-91EC-4970-A39A-B20FFF4321D5}.Debug|x64.Build.0 = Debug|Any CPU
		{004EFBEC-91EC-4970-A39A-B20FFF4321D5}.Debug|x64.Deploy.0 = Debug|Any CPU
		{004EFBEC-91EC-4970-A39A-B20FFF4321D5}.Debug|x86.ActiveCfg = Debug|Any CPU
		{004EFBEC-91EC-4970-A39A-B20FFF4321D5}.Debug|x86.Build.0 = Debug|Any CPU
		{004EFBEC-91EC-4970-A39A-B20FFF4321D5}.Debug|x86.Deploy.0 = Debug|Any CPU
		{004EFBEC-91EC-4970-A39A-B20FFF4321D5}.Release|Any CPU.ActiveCfg = Release|Any CPU
		{004EFBEC-91EC-4970-A39A-B20FFF4321D5}.Release|Any CPU.Build.0 = Release|Any CPU
		{004EFBEC-91EC-4970-A39A-B20FFF4321D5}.Release|ARM.ActiveCfg = Release|Any CPU
		{004EFBEC-91EC-4970-A39A-B20FFF4321D5}.Release|ARM.Build.0 = Release|Any CPU
		{004EFBEC-91EC-4970-A39A-B20FFF4321D5}.Release|ARM.Deploy.0 = Release|Any CPU
		{004EFBEC-91EC-4970-A39A-B20FFF4321D5}.Release|ARM64.ActiveCfg = Release|Any CPU
		{004EFBEC-91EC-4970-A39A-B20FFF4321D5}.Release|ARM64.Build.0 = Release|Any CPU
		{004EFBEC-91EC-4970-A39A-B20FFF4321D5}.Release|ARM64.Deploy.0 = Release|Any CPU
		{004EFBEC-91EC-4970-A39A-B20FFF4321D5}.Release|iPhone.ActiveCfg = Release|Any CPU
		{004EFBEC-91EC-4970-A39A-B20FFF4321D5}.Release|iPhone.Build.0 = Release|Any CPU
		{004EFBEC-91EC-4970-A39A-B20FFF4321D5}.Release|iPhoneSimulator.ActiveCfg = Release|Any CPU
		{004EFBEC-91EC-4970-A39A-B20FFF4321D5}.Release|iPhoneSimulator.Build.0 = Release|Any CPU
		{004EFBEC-91EC-4970-A39A-B20FFF4321D5}.Release|iPhoneSimulator.Deploy.0 = Release|Any CPU
		{004EFBEC-91EC-4970-A39A-B20FFF4321D5}.Release|x64.ActiveCfg = Release|Any CPU
		{004EFBEC-91EC-4970-A39A-B20FFF4321D5}.Release|x64.Build.0 = Release|Any CPU
		{004EFBEC-91EC-4970-A39A-B20FFF4321D5}.Release|x64.Deploy.0 = Release|Any CPU
		{004EFBEC-91EC-4970-A39A-B20FFF4321D5}.Release|x86.ActiveCfg = Release|Any CPU
		{004EFBEC-91EC-4970-A39A-B20FFF4321D5}.Release|x86.Build.0 = Release|Any CPU
		{004EFBEC-91EC-4970-A39A-B20FFF4321D5}.Release|x86.Deploy.0 = Release|Any CPU

		{A5B8155A-118F-4794-B551-C6F3CF7E5411}.Debug|Any CPU.ActiveCfg = Debug|Any CPU
		{A5B8155A-118F-4794-B551-C6F3CF7E5411}.Debug|Any CPU.Build.0 = Debug|Any CPU
		{A5B8155A-118F-4794-B551-C6F3CF7E5411}.Debug|ARM.ActiveCfg = Debug|Any CPU
		{A5B8155A-118F-4794-B551-C6F3CF7E5411}.Debug|ARM.Build.0 = Debug|Any CPU
		{A5B8155A-118F-4794-B551-C6F3CF7E5411}.Debug|ARM64.ActiveCfg = Debug|Any CPU
		{A5B8155A-118F-4794-B551-C6F3CF7E5411}.Debug|ARM64.Build.0 = Debug|Any CPU
		{A5B8155A-118F-4794-B551-C6F3CF7E5411}.Debug|iPhone.ActiveCfg = Debug|Any CPU
		{A5B8155A-118F-4794-B551-C6F3CF7E5411}.Debug|iPhone.Build.0 = Debug|Any CPU
		{A5B8155A-118F-4794-B551-C6F3CF7E5411}.Debug|iPhoneSimulator.ActiveCfg = Debug|Any CPU
		{A5B8155A-118F-4794-B551-C6F3CF7E5411}.Debug|iPhoneSimulator.Build.0 = Debug|Any CPU
		{A5B8155A-118F-4794-B551-C6F3CF7E5411}.Debug|x64.ActiveCfg = Debug|Any CPU
		{A5B8155A-118F-4794-B551-C6F3CF7E5411}.Debug|x64.Build.0 = Debug|Any CPU
		{A5B8155A-118F-4794-B551-C6F3CF7E5411}.Debug|x86.ActiveCfg = Debug|Any CPU
		{A5B8155A-118F-4794-B551-C6F3CF7E5411}.Debug|x86.Build.0 = Debug|Any CPU
		{A5B8155A-118F-4794-B551-C6F3CF7E5411}.Release|Any CPU.ActiveCfg = Release|Any CPU
		{A5B8155A-118F-4794-B551-C6F3CF7E5411}.Release|Any CPU.Build.0 = Release|Any CPU
		{A5B8155A-118F-4794-B551-C6F3CF7E5411}.Release|ARM.ActiveCfg = Release|Any CPU
		{A5B8155A-118F-4794-B551-C6F3CF7E5411}.Release|ARM.Build.0 = Release|Any CPU
		{A5B8155A-118F-4794-B551-C6F3CF7E5411}.Release|ARM64.ActiveCfg = Release|Any CPU
		{A5B8155A-118F-4794-B551-C6F3CF7E5411}.Release|ARM64.Build.0 = Release|Any CPU
		{A5B8155A-118F-4794-B551-C6F3CF7E5411}.Release|iPhone.ActiveCfg = Release|Any CPU
		{A5B8155A-118F-4794-B551-C6F3CF7E5411}.Release|iPhone.Build.0 = Release|Any CPU
		{A5B8155A-118F-4794-B551-C6F3CF7E5411}.Release|iPhoneSimulator.ActiveCfg = Release|Any CPU
		{A5B8155A-118F-4794-B551-C6F3CF7E5411}.Release|iPhoneSimulator.Build.0 = Release|Any CPU
		{A5B8155A-118F-4794-B551-C6F3CF7E5411}.Release|x64.ActiveCfg = Release|Any CPU
		{A5B8155A-118F-4794-B551-C6F3CF7E5411}.Release|x64.Build.0 = Release|Any CPU
		{A5B8155A-118F-4794-B551-C6F3CF7E5411}.Release|x86.ActiveCfg = Release|Any CPU
		{A5B8155A-118F-4794-B551-C6F3CF7E5411}.Release|x86.Build.0 = Release|Any CPU



		{6CF284A4-22B1-4F05-97F4-F095C07A598E}.Debug|Any CPU.ActiveCfg = Debug|Any CPU
		{6CF284A4-22B1-4F05-97F4-F095C07A598E}.Debug|Any CPU.Build.0 = Debug|Any CPU
		{6CF284A4-22B1-4F05-97F4-F095C07A598E}.Debug|ARM.ActiveCfg = Debug|Any CPU
		{6CF284A4-22B1-4F05-97F4-F095C07A598E}.Debug|ARM.Build.0 = Debug|Any CPU
		{6CF284A4-22B1-4F05-97F4-F095C07A598E}.Debug|ARM64.ActiveCfg = Debug|Any CPU
		{6CF284A4-22B1-4F05-97F4-F095C07A598E}.Debug|ARM64.Build.0 = Debug|Any CPU
		{6CF284A4-22B1-4F05-97F4-F095C07A598E}.Debug|iPhone.ActiveCfg = Debug|Any CPU
		{6CF284A4-22B1-4F05-97F4-F095C07A598E}.Debug|iPhone.Build.0 = Debug|Any CPU
		{6CF284A4-22B1-4F05-97F4-F095C07A598E}.Debug|iPhoneSimulator.ActiveCfg = Debug|Any CPU
		{6CF284A4-22B1-4F05-97F4-F095C07A598E}.Debug|iPhoneSimulator.Build.0 = Debug|Any CPU
		{6CF284A4-22B1-4F05-97F4-F095C07A598E}.Debug|x64.ActiveCfg = Debug|Any CPU
		{6CF284A4-22B1-4F05-97F4-F095C07A598E}.Debug|x64.Build.0 = Debug|Any CPU
		{6CF284A4-22B1-4F05-97F4-F095C07A598E}.Debug|x86.ActiveCfg = Debug|Any CPU
		{6CF284A4-22B1-4F05-97F4-F095C07A598E}.Debug|x86.Build.0 = Debug|Any CPU
		{6CF284A4-22B1-4F05-97F4-F095C07A598E}.Release|Any CPU.ActiveCfg = Release|Any CPU
		{6CF284A4-22B1-4F05-97F4-F095C07A598E}.Release|Any CPU.Build.0 = Release|Any CPU
		{6CF284A4-22B1-4F05-97F4-F095C07A598E}.Release|ARM.ActiveCfg = Release|Any CPU
		{6CF284A4-22B1-4F05-97F4-F095C07A598E}.Release|ARM.Build.0 = Release|Any CPU
		{6CF284A4-22B1-4F05-97F4-F095C07A598E}.Release|ARM64.ActiveCfg = Release|Any CPU
		{6CF284A4-22B1-4F05-97F4-F095C07A598E}.Release|ARM64.Build.0 = Release|Any CPU
		{6CF284A4-22B1-4F05-97F4-F095C07A598E}.Release|iPhone.ActiveCfg = Release|Any CPU
		{6CF284A4-22B1-4F05-97F4-F095C07A598E}.Release|iPhone.Build.0 = Release|Any CPU
		{6CF284A4-22B1-4F05-97F4-F095C07A598E}.Release|iPhoneSimulator.ActiveCfg = Release|Any CPU
		{6CF284A4-22B1-4F05-97F4-F095C07A598E}.Release|iPhoneSimulator.Build.0 = Release|Any CPU
		{6CF284A4-22B1-4F05-97F4-F095C07A598E}.Release|x64.ActiveCfg = Release|Any CPU
		{6CF284A4-22B1-4F05-97F4-F095C07A598E}.Release|x64.Build.0 = Release|Any CPU
		{6CF284A4-22B1-4F05-97F4-F095C07A598E}.Release|x86.ActiveCfg = Release|Any CPU
		{6CF284A4-22B1-4F05-97F4-F095C07A598E}.Release|x86.Build.0 = Release|Any CPU

		{40EA03F7-8A22-4143-B251-79BAC3EB13D2}.Debug|Any CPU.ActiveCfg = Debug|Any CPU
		{40EA03F7-8A22-4143-B251-79BAC3EB13D2}.Debug|Any CPU.Build.0 = Debug|Any CPU
		{40EA03F7-8A22-4143-B251-79BAC3EB13D2}.Debug|ARM.ActiveCfg = Debug|Any CPU
		{40EA03F7-8A22-4143-B251-79BAC3EB13D2}.Debug|ARM.Build.0 = Debug|Any CPU
		{40EA03F7-8A22-4143-B251-79BAC3EB13D2}.Debug|ARM64.ActiveCfg = Debug|Any CPU
		{40EA03F7-8A22-4143-B251-79BAC3EB13D2}.Debug|ARM64.Build.0 = Debug|Any CPU
		{40EA03F7-8A22-4143-B251-79BAC3EB13D2}.Debug|iPhone.ActiveCfg = Debug|Any CPU
		{40EA03F7-8A22-4143-B251-79BAC3EB13D2}.Debug|iPhone.Build.0 = Debug|Any CPU
		{40EA03F7-8A22-4143-B251-79BAC3EB13D2}.Debug|iPhoneSimulator.ActiveCfg = Debug|Any CPU
		{40EA03F7-8A22-4143-B251-79BAC3EB13D2}.Debug|iPhoneSimulator.Build.0 = Debug|Any CPU
		{40EA03F7-8A22-4143-B251-79BAC3EB13D2}.Debug|x64.ActiveCfg = Debug|Any CPU
		{40EA03F7-8A22-4143-B251-79BAC3EB13D2}.Debug|x64.Build.0 = Debug|Any CPU
		{40EA03F7-8A22-4143-B251-79BAC3EB13D2}.Debug|x86.ActiveCfg = Debug|Any CPU
		{40EA03F7-8A22-4143-B251-79BAC3EB13D2}.Debug|x86.Build.0 = Debug|Any CPU
		{40EA03F7-8A22-4143-B251-79BAC3EB13D2}.Release|Any CPU.ActiveCfg = Release|Any CPU
		{40EA03F7-8A22-4143-B251-79BAC3EB13D2}.Release|Any CPU.Build.0 = Release|Any CPU
		{40EA03F7-8A22-4143-B251-79BAC3EB13D2}.Release|ARM.ActiveCfg = Release|Any CPU
		{40EA03F7-8A22-4143-B251-79BAC3EB13D2}.Release|ARM.Build.0 = Release|Any CPU
		{40EA03F7-8A22-4143-B251-79BAC3EB13D2}.Release|ARM64.ActiveCfg = Release|Any CPU
		{40EA03F7-8A22-4143-B251-79BAC3EB13D2}.Release|ARM64.Build.0 = Release|Any CPU
		{40EA03F7-8A22-4143-B251-79BAC3EB13D2}.Release|iPhone.ActiveCfg = Release|Any CPU
		{40EA03F7-8A22-4143-B251-79BAC3EB13D2}.Release|iPhone.Build.0 = Release|Any CPU
		{40EA03F7-8A22-4143-B251-79BAC3EB13D2}.Release|iPhoneSimulator.ActiveCfg = Release|Any CPU
		{40EA03F7-8A22-4143-B251-79BAC3EB13D2}.Release|iPhoneSimulator.Build.0 = Release|Any CPU
		{40EA03F7-8A22-4143-B251-79BAC3EB13D2}.Release|x64.ActiveCfg = Release|Any CPU
		{40EA03F7-8A22-4143-B251-79BAC3EB13D2}.Release|x64.Build.0 = Release|Any CPU
		{40EA03F7-8A22-4143-B251-79BAC3EB13D2}.Release|x86.ActiveCfg = Release|Any CPU
		{40EA03F7-8A22-4143-B251-79BAC3EB13D2}.Release|x86.Build.0 = Release|Any CPU
		{90A63E83-44C2-4495-8B55-933B1D6CF971}.Debug|Any CPU.ActiveCfg = Debug|iPhoneSimulator
		{90A63E83-44C2-4495-8B55-933B1D6CF971}.Debug|Any CPU.Build.0 = Debug|iPhoneSimulator
		{90A63E83-44C2-4495-8B55-933B1D6CF971}.Debug|ARM.ActiveCfg = Debug|iPhoneSimulator
		{90A63E83-44C2-4495-8B55-933B1D6CF971}.Debug|ARM64.ActiveCfg = Debug|iPhoneSimulator
		{90A63E83-44C2-4495-8B55-933B1D6CF971}.Debug|iPhone.ActiveCfg = Debug|iPhoneSimulator
		{90A63E83-44C2-4495-8B55-933B1D6CF971}.Debug|iPhone.Build.0 = Debug|iPhoneSimulator
		{90A63E83-44C2-4495-8B55-933B1D6CF971}.Debug|iPhoneSimulator.ActiveCfg = Debug|iPhoneSimulator
		{90A63E83-44C2-4495-8B55-933B1D6CF971}.Debug|iPhoneSimulator.Build.0 = Debug|iPhoneSimulator
		{90A63E83-44C2-4495-8B55-933B1D6CF971}.Debug|x64.ActiveCfg = Debug|iPhoneSimulator
		{90A63E83-44C2-4495-8B55-933B1D6CF971}.Debug|x64.Build.0 = Debug|iPhoneSimulator
		{90A63E83-44C2-4495-8B55-933B1D6CF971}.Debug|x86.ActiveCfg = Debug|iPhoneSimulator
		{90A63E83-44C2-4495-8B55-933B1D6CF971}.Debug|x86.Build.0 = Debug|iPhoneSimulator
		{90A63E83-44C2-4495-8B55-933B1D6CF971}.Release|Any CPU.ActiveCfg = Release|iPhoneSimulator
		{90A63E83-44C2-4495-8B55-933B1D6CF971}.Release|ARM.ActiveCfg = Release|iPhoneSimulator
		{90A63E83-44C2-4495-8B55-933B1D6CF971}.Release|ARM64.ActiveCfg = Release|iPhoneSimulator
		{90A63E83-44C2-4495-8B55-933B1D6CF971}.Release|iPhone.ActiveCfg = Release|iPhoneSimulator
		{90A63E83-44C2-4495-8B55-933B1D6CF971}.Release|iPhone.Build.0 = Release|iPhoneSimulator
		{90A63E83-44C2-4495-8B55-933B1D6CF971}.Release|iPhoneSimulator.ActiveCfg = Release|iPhoneSimulator
		{90A63E83-44C2-4495-8B55-933B1D6CF971}.Release|iPhoneSimulator.Build.0 = Release|iPhoneSimulator
		{90A63E83-44C2-4495-8B55-933B1D6CF971}.Release|x64.ActiveCfg = Release|iPhoneSimulator
		{90A63E83-44C2-4495-8B55-933B1D6CF971}.Release|x64.Build.0 = Release|iPhoneSimulator
		{90A63E83-44C2-4495-8B55-933B1D6CF971}.Release|x86.ActiveCfg = Release|iPhoneSimulator
		{90A63E83-44C2-4495-8B55-933B1D6CF971}.Release|x86.Build.0 = Release|iPhoneSimulator
	EndGlobalSection
	GlobalSection(SolutionProperties) = preSolution
		HideSolutionNode = FALSE
	EndGlobalSection
	GlobalSection(ExtensibilityGlobals) = postSolution
		SolutionGuid = {C7433AE2-B1A0-4C1A-887E-5CAA7AAF67A6}
	EndGlobalSection
EndGlobal
