Microsoft Visual Studio Solution File, Format Version 12.00
# Visual Studio Version 16
VisualStudioVersion = 16.0.29920.165
MinimumVisualStudioVersion = 15.0.26124.0

Project("{D954291E-2A0B-460D-934E-DC6B0785DB48}") = "__change__.Shared", "__change__.Shared\__change__.Shared.shproj", "{6279C845-92F8-4333-AB99-3D213163593C}"
EndProject

Project("{9A19103F-16F7-4668-BE54-9A1E7A4F7556}") = "__change__.Skia.Linux.FrameBuffer", "__change__.Skia.Linux.FrameBuffer\__change__.Skia.Linux.FrameBuffer.csproj", "{761D821E-9905-4444-9ADF-76C995FE5427}"
EndProject

Global
	GlobalSection(SharedMSBuildProjectFiles) = preSolution
		__change__.Shared\__change__.Shared.projitems*{6F1782AE-30CB-4030-86A6-396809513623}*SharedItemsImports = 4
		__change__.Shared\__change__.Shared.projitems*{E66BFEFA-D9D2-468D-92B6-D5FD7674788D}*SharedItemsImports = 5
		__change__.Shared\__change__.Shared.projitems*{38D5E885-42A1-467B-A160-1E412E26A8A9}*SharedItemsImports = 4
		__change__.Shared\__change__.Shared.projitems*{40ea03f7-8a22-4143-b251-79bac3eb13d2}*SharedItemsImports = 5
		__change__.Shared\__change__.Shared.projitems*{a5b8155a-118f-4794-b551-c6f3cf7e5411}*SharedItemsImports = 5
		__change__.Shared\__change__.Shared.projitems*{2CEDBD41-827B-4E79-A16B-0585ADBDF291}*SharedItemsImports = 4
		__change__.Shared\__change__.Shared.projitems*{6279c845-92f8-4333-ab99-3d213163593c}*SharedItemsImports = 13
		__change__.Shared\__change__.Shared.projitems*{270B27DB-1DD0-4EC6-95FF-F83D0A3A1CDB}*SharedItemsImports = 4
	EndGlobalSection
	GlobalSection(SolutionConfigurationPlatforms) = preSolution
		Debug|Any CPU = Debug|Any CPU
		Debug|ARM = Debug|ARM
		Debug|ARM64 = Debug|ARM64
		Debug|iPhone = Debug|iPhone
		Debug|iPhoneSimulator = Debug|iPhoneSimulator
		Debug|x64 = Debug|x64
		Debug|x86 = Debug|x86
		Release|Any CPU = Release|Any CPU
		Release|ARM = Release|ARM
		Release|ARM64 = Release|ARM64
		Release|iPhone = Release|iPhone
		Release|iPhoneSimulator = Release|iPhoneSimulator
		Release|x64 = Release|x64
		Release|x86 = Release|x86
	EndGlobalSection
	GlobalSection(ProjectConfigurationPlatforms) = postSolution
		{6F1782AE-30CB-4030-86A6-396809513623}.Debug|Any CPU.ActiveCfg = Debug|Any CPU
		{6F1782AE-30CB-4030-86A6-396809513623}.Debug|Any CPU.Build.0 = Debug|Any CPU
		{6F1782AE-30CB-4030-86A6-396809513623}.Debug|Any CPU.Deploy.0 = Debug|Any CPU
		{6F1782AE-30CB-4030-86A6-396809513623}.Debug|ARM.ActiveCfg = Debug|Any CPU
		{6F1782AE-30CB-4030-86A6-396809513623}.Debug|ARM.Build.0 = Debug|Any CPU
		{6F1782AE-30CB-4030-86A6-396809513623}.Debug|ARM.Deploy.0 = Debug|Any CPU
		{6F1782AE-30CB-4030-86A6-396809513623}.Debug|ARM64.ActiveCfg = Debug|Any CPU
		{6F1782AE-30CB-4030-86A6-396809513623}.Debug|ARM64.Build.0 = Debug|Any CPU
		{6F1782AE-30CB-4030-86A6-396809513623}.Debug|ARM64.Deploy.0 = Debug|Any CPU
		{6F1782AE-30CB-4030-86A6-396809513623}.Debug|iPhone.ActiveCfg = Debug|Any CPU
		{6F1782AE-30CB-4030-86A6-396809513623}.Debug|iPhone.Build.0 = Debug|Any CPU
		{6F1782AE-30CB-4030-86A6-396809513623}.Debug|iPhone.Deploy.0 = Debug|Any CPU
		{6F1782AE-30CB-4030-86A6-396809513623}.Debug|iPhoneSimulator.ActiveCfg = Debug|Any CPU
		{6F1782AE-30CB-4030-86A6-396809513623}.Debug|iPhoneSimulator.Build.0 = Debug|Any CPU
		{6F1782AE-30CB-4030-86A6-396809513623}.Debug|iPhoneSimulator.Deploy.0 = Debug|Any CPU
		{6F1782AE-30CB-4030-86A6-396809513623}.Debug|x64.ActiveCfg = Debug|Any CPU
		{6F1782AE-30CB-4030-86A6-396809513623}.Debug|x64.Build.0 = Debug|Any CPU
		{6F1782AE-30CB-4030-86A6-396809513623}.Debug|x64.Deploy.0 = Debug|Any CPU
		{6F1782AE-30CB-4030-86A6-396809513623}.Debug|x86.ActiveCfg = Debug|Any CPU
		{6F1782AE-30CB-4030-86A6-396809513623}.Debug|x86.Build.0 = Debug|Any CPU
		{6F1782AE-30CB-4030-86A6-396809513623}.Debug|x86.Deploy.0 = Debug|Any CPU

		{6F1782AE-30CB-4030-86A6-396809513623}.Release|Any CPU.ActiveCfg = Release|Any CPU
		{6F1782AE-30CB-4030-86A6-396809513623}.Release|Any CPU.Build.0 = Release|Any CPU
		{6F1782AE-30CB-4030-86A6-396809513623}.Release|Any CPU.Deploy.0 = Release|Any CPU
		{6F1782AE-30CB-4030-86A6-396809513623}.Release|ARM.ActiveCfg = Release|Any CPU
		{6F1782AE-30CB-4030-86A6-396809513623}.Release|ARM.Build.0 = Release|Any CPU
		{6F1782AE-30CB-4030-86A6-396809513623}.Release|ARM.Deploy.0 = Release|Any CPU
		{6F1782AE-30CB-4030-86A6-396809513623}.Release|ARM64.ActiveCfg = Release|Any CPU
		{6F1782AE-30CB-4030-86A6-396809513623}.Release|ARM64.Build.0 = Release|Any CPU
		{6F1782AE-30CB-4030-86A6-396809513623}.Release|ARM64.Deploy.0 = Release|Any CPU
		{6F1782AE-30CB-4030-86A6-396809513623}.Release|iPhone.ActiveCfg = Release|Any CPU
		{6F1782AE-30CB-4030-86A6-396809513623}.Release|iPhone.Build.0 = Release|Any CPU
		{6F1782AE-30CB-4030-86A6-396809513623}.Release|iPhone.Deploy.0 = Release|Any CPU
		{6F1782AE-30CB-4030-86A6-396809513623}.Release|iPhoneSimulator.ActiveCfg = Release|Any CPU
		{6F1782AE-30CB-4030-86A6-396809513623}.Release|iPhoneSimulator.Build.0 = Release|Any CPU
		{6F1782AE-30CB-4030-86A6-396809513623}.Release|iPhoneSimulator.Deploy.0 = Release|Any CPU
		{6F1782AE-30CB-4030-86A6-396809513623}.Release|x64.ActiveCfg = Release|Any CPU
		{6F1782AE-30CB-4030-86A6-396809513623}.Release|x64.Build.0 = Release|Any CPU
		{6F1782AE-30CB-4030-86A6-396809513623}.Release|x64.Deploy.0 = Release|Any CPU
		{6F1782AE-30CB-4030-86A6-396809513623}.Release|x86.ActiveCfg = Release|Any CPU
		{6F1782AE-30CB-4030-86A6-396809513623}.Release|x86.Build.0 = Release|Any CPU
		{6F1782AE-30CB-4030-86A6-396809513623}.Release|x86.Deploy.0 = Release|Any CPU
		{2CEDBD41-827B-4E79-A16B-0585ADBDF291}.Debug|Any CPU.ActiveCfg = Debug|iPhone
		{2CEDBD41-827B-4E79-A16B-0585ADBDF291}.Debug|Any CPU.Build.0 = Debug|iPhone
		{2CEDBD41-827B-4E79-A16B-0585ADBDF291}.Debug|Any CPU.Deploy.0 = Debug|iPhone
		{2CEDBD41-827B-4E79-A16B-0585ADBDF291}.Debug|ARM.ActiveCfg = Debug|iPhone
		{2CEDBD41-827B-4E79-A16B-0585ADBDF291}.Debug|ARM64.ActiveCfg = Debug|iPhone
		{2CEDBD41-827B-4E79-A16B-0585ADBDF291}.Debug|iPhone.ActiveCfg = Debug|iPhone
		{2CEDBD41-827B-4E79-A16B-0585ADBDF291}.Debug|iPhone.Build.0 = Debug|iPhone
		{2CEDBD41-827B-4E79-A16B-0585ADBDF291}.Debug|iPhoneSimulator.ActiveCfg = Debug|iPhoneSimulator
		{2CEDBD41-827B-4E79-A16B-0585ADBDF291}.Debug|iPhoneSimulator.Build.0 = Debug|iPhoneSimulator
		{2CEDBD41-827B-4E79-A16B-0585ADBDF291}.Debug|x64.ActiveCfg = Debug|iPhone
		{2CEDBD41-827B-4E79-A16B-0585ADBDF291}.Debug|x64.Build.0 = Debug|iPhone
		{2CEDBD41-827B-4E79-A16B-0585ADBDF291}.Debug|x64.Deploy.0 = Debug|iPhone
		{2CEDBD41-827B-4E79-A16B-0585ADBDF291}.Debug|x86.ActiveCfg = Debug|iPhoneSimulator
		{2CEDBD41-827B-4E79-A16B-0585ADBDF291}.Debug|x86.Build.0 = Debug|iPhoneSimulator
		{2CEDBD41-827B-4E79-A16B-0585ADBDF291}.Debug|x86.Deploy.0 = Debug|iPhoneSimulator
		{2CEDBD41-827B-4E79-A16B-0585ADBDF291}.Release|Any CPU.ActiveCfg = Release|iPhone
		{2CEDBD41-827B-4E79-A16B-0585ADBDF291}.Release|ARM.ActiveCfg = Release|iPhone
		{2CEDBD41-827B-4E79-A16B-0585ADBDF291}.Release|ARM64.ActiveCfg = Release|iPhone
		{2CEDBD41-827B-4E79-A16B-0585ADBDF291}.Release|iPhone.ActiveCfg = Release|iPhone
		{2CEDBD41-827B-4E79-A16B-0585ADBDF291}.Release|iPhone.Build.0 = Release|iPhone
		{2CEDBD41-827B-4E79-A16B-0585ADBDF291}.Release|iPhoneSimulator.ActiveCfg = Release|iPhoneSimulator
		{2CEDBD41-827B-4E79-A16B-0585ADBDF291}.Release|iPhoneSimulator.Build.0 = Release|iPhoneSimulator
		{2CEDBD41-827B-4E79-A16B-0585ADBDF291}.Release|x64.ActiveCfg = Release|iPhoneSimulator
		{2CEDBD41-827B-4E79-A16B-0585ADBDF291}.Release|x64.Build.0 = Release|iPhoneSimulator
		{2CEDBD41-827B-4E79-A16B-0585ADBDF291}.Release|x64.Deploy.0 = Release|iPhoneSimulator
		{2CEDBD41-827B-4E79-A16B-0585ADBDF291}.Release|x86.ActiveCfg = Release|iPhoneSimulator
		{2CEDBD41-827B-4E79-A16B-0585ADBDF291}.Release|x86.Build.0 = Release|iPhoneSimulator

		{270B27DB-1DD0-4EC6-95FF-F83D0A3A1CDB}.Debug|Any CPU.ActiveCfg = Debug|x86
		{270B27DB-1DD0-4EC6-95FF-F83D0A3A1CDB}.Debug|Any CPU.Build.0 = Debug|x86
		{270B27DB-1DD0-4EC6-95FF-F83D0A3A1CDB}.Debug|Any CPU.Deploy.0 = Debug|x86
		{270B27DB-1DD0-4EC6-95FF-F83D0A3A1CDB}.Debug|ARM.ActiveCfg = Debug|ARM
		{270B27DB-1DD0-4EC6-95FF-F83D0A3A1CDB}.Debug|ARM.Build.0 = Debug|ARM
		{270B27DB-1DD0-4EC6-95FF-F83D0A3A1CDB}.Debug|ARM.Deploy.0 = Debug|ARM
		{270B27DB-1DD0-4EC6-95FF-F83D0A3A1CDB}.Debug|ARM64.ActiveCfg = Debug|ARM64
		{270B27DB-1DD0-4EC6-95FF-F83D0A3A1CDB}.Debug|ARM64.Build.0 = Debug|ARM64
		{270B27DB-1DD0-4EC6-95FF-F83D0A3A1CDB}.Debug|ARM64.Deploy.0 = Debug|ARM64
		{270B27DB-1DD0-4EC6-95FF-F83D0A3A1CDB}.Debug|iPhone.ActiveCfg = Debug|x86
		{270B27DB-1DD0-4EC6-95FF-F83D0A3A1CDB}.Debug|iPhone.Build.0 = Debug|x86
		{270B27DB-1DD0-4EC6-95FF-F83D0A3A1CDB}.Debug|iPhone.Deploy.0 = Debug|x86
		{270B27DB-1DD0-4EC6-95FF-F83D0A3A1CDB}.Debug|iPhoneSimulator.ActiveCfg = Debug|x86
		{270B27DB-1DD0-4EC6-95FF-F83D0A3A1CDB}.Debug|iPhoneSimulator.Build.0 = Debug|x86
		{270B27DB-1DD0-4EC6-95FF-F83D0A3A1CDB}.Debug|iPhoneSimulator.Deploy.0 = Debug|x86
		{270B27DB-1DD0-4EC6-95FF-F83D0A3A1CDB}.Debug|x64.ActiveCfg = Debug|x64
		{270B27DB-1DD0-4EC6-95FF-F83D0A3A1CDB}.Debug|x64.Build.0 = Debug|x64
		{270B27DB-1DD0-4EC6-95FF-F83D0A3A1CDB}.Debug|x64.Deploy.0 = Debug|x64
		{270B27DB-1DD0-4EC6-95FF-F83D0A3A1CDB}.Debug|x86.ActiveCfg = Debug|x86
		{270B27DB-1DD0-4EC6-95FF-F83D0A3A1CDB}.Debug|x86.Build.0 = Debug|x86
		{270B27DB-1DD0-4EC6-95FF-F83D0A3A1CDB}.Debug|x86.Deploy.0 = Debug|x86
		{270B27DB-1DD0-4EC6-95FF-F83D0A3A1CDB}.Release|Any CPU.ActiveCfg = Release|x86
		{270B27DB-1DD0-4EC6-95FF-F83D0A3A1CDB}.Release|ARM.ActiveCfg = Release|ARM
		{270B27DB-1DD0-4EC6-95FF-F83D0A3A1CDB}.Release|ARM.Build.0 = Release|ARM
		{270B27DB-1DD0-4EC6-95FF-F83D0A3A1CDB}.Release|ARM.Deploy.0 = Release|ARM
		{270B27DB-1DD0-4EC6-95FF-F83D0A3A1CDB}.Release|ARM64.ActiveCfg = Release|ARM64
		{270B27DB-1DD0-4EC6-95FF-F83D0A3A1CDB}.Release|ARM64.Build.0 = Release|ARM64
		{270B27DB-1DD0-4EC6-95FF-F83D0A3A1CDB}.Release|ARM64.Deploy.0 = Release|ARM64
		{270B27DB-1DD0-4EC6-95FF-F83D0A3A1CDB}.Release|iPhone.ActiveCfg = Release|x86
		{270B27DB-1DD0-4EC6-95FF-F83D0A3A1CDB}.Release|iPhone.Build.0 = Release|x86
		{270B27DB-1DD0-4EC6-95FF-F83D0A3A1CDB}.Release|iPhoneSimulator.ActiveCfg = Release|x86
		{270B27DB-1DD0-4EC6-95FF-F83D0A3A1CDB}.Release|iPhoneSimulator.Build.0 = Release|x86
		{270B27DB-1DD0-4EC6-95FF-F83D0A3A1CDB}.Release|iPhoneSimulator.Deploy.0 = Release|x86
		{270B27DB-1DD0-4EC6-95FF-F83D0A3A1CDB}.Release|x64.ActiveCfg = Release|x64
		{270B27DB-1DD0-4EC6-95FF-F83D0A3A1CDB}.Release|x64.Build.0 = Release|x64
		{270B27DB-1DD0-4EC6-95FF-F83D0A3A1CDB}.Release|x64.Deploy.0 = Release|x64
		{270B27DB-1DD0-4EC6-95FF-F83D0A3A1CDB}.Release|x86.ActiveCfg = Release|x86
		{270B27DB-1DD0-4EC6-95FF-F83D0A3A1CDB}.Release|x86.Build.0 = Release|x86
		{270B27DB-1DD0-4EC6-95FF-F83D0A3A1CDB}.Release|x86.Deploy.0 = Release|x86

		{E66BFEFA-D9D2-468D-92B6-D5FD7674788D}.Debug|Any CPU.ActiveCfg = Debug|Any CPU
		{E66BFEFA-D9D2-468D-92B6-D5FD7674788D}.Debug|Any CPU.Build.0 = Debug|Any CPU
		{E66BFEFA-D9D2-468D-92B6-D5FD7674788D}.Debug|Any CPU.Deploy.0 = Debug|Any CPU
		{E66BFEFA-D9D2-468D-92B6-D5FD7674788D}.Debug|ARM.ActiveCfg = Debug|Any CPU
		{E66BFEFA-D9D2-468D-92B6-D5FD7674788D}.Debug|ARM.Build.0 = Debug|Any CPU
		{E66BFEFA-D9D2-468D-92B6-D5FD7674788D}.Debug|ARM.Deploy.0 = Debug|Any CPU
		{E66BFEFA-D9D2-468D-92B6-D5FD7674788D}.Debug|ARM64.ActiveCfg = Debug|Any CPU
		{E66BFEFA-D9D2-468D-92B6-D5FD7674788D}.Debug|ARM64.Build.0 = Debug|Any CPU
		{E66BFEFA-D9D2-468D-92B6-D5FD7674788D}.Debug|ARM64.Deploy.0 = Debug|Any CPU
		{E66BFEFA-D9D2-468D-92B6-D5FD7674788D}.Debug|iPhone.ActiveCfg = Debug|Any CPU
		{E66BFEFA-D9D2-468D-92B6-D5FD7674788D}.Debug|iPhone.Build.0 = Debug|Any CPU
		{E66BFEFA-D9D2-468D-92B6-D5FD7674788D}.Debug|iPhone.Deploy.0 = Debug|Any CPU
		{E66BFEFA-D9D2-468D-92B6-D5FD7674788D}.Debug|iPhoneSimulator.ActiveCfg = Debug|Any CPU
		{E66BFEFA-D9D2-468D-92B6-D5FD7674788D}.Debug|iPhoneSimulator.Build.0 = Debug|Any CPU
		{E66BFEFA-D9D2-468D-92B6-D5FD7674788D}.Debug|iPhoneSimulator.Deploy.0 = Debug|Any CPU
		{E66BFEFA-D9D2-468D-92B6-D5FD7674788D}.Debug|x64.ActiveCfg = Debug|Any CPU
		{E66BFEFA-D9D2-468D-92B6-D5FD7674788D}.Debug|x64.Build.0 = Debug|Any CPU
		{E66BFEFA-D9D2-468D-92B6-D5FD7674788D}.Debug|x64.Deploy.0 = Debug|Any CPU
		{E66BFEFA-D9D2-468D-92B6-D5FD7674788D}.Debug|x86.ActiveCfg = Debug|Any CPU
		{E66BFEFA-D9D2-468D-92B6-D5FD7674788D}.Debug|x86.Build.0 = Debug|Any CPU
		{E66BFEFA-D9D2-468D-92B6-D5FD7674788D}.Debug|x86.Deploy.0 = Debug|Any CPU
		{E66BFEFA-D9D2-468D-92B6-D5FD7674788D}.Release|Any CPU.ActiveCfg = Release|Any CPU
		{E66BFEFA-D9D2-468D-92B6-D5FD7674788D}.Release|Any CPU.Build.0 = Release|Any CPU
		{E66BFEFA-D9D2-468D-92B6-D5FD7674788D}.Release|ARM.ActiveCfg = Release|Any CPU
		{E66BFEFA-D9D2-468D-92B6-D5FD7674788D}.Release|ARM.Build.0 = Release|Any CPU
		{E66BFEFA-D9D2-468D-92B6-D5FD7674788D}.Release|ARM.Deploy.0 = Release|Any CPU
		{E66BFEFA-D9D2-468D-92B6-D5FD7674788D}.Release|ARM64.ActiveCfg = Release|Any CPU
		{E66BFEFA-D9D2-468D-92B6-D5FD7674788D}.Release|ARM64.Build.0 = Release|Any CPU
		{E66BFEFA-D9D2-468D-92B6-D5FD7674788D}.Release|ARM64.Deploy.0 = Release|Any CPU
		{E66BFEFA-D9D2-468D-92B6-D5FD7674788D}.Release|iPhone.ActiveCfg = Release|Any CPU
		{E66BFEFA-D9D2-468D-92B6-D5FD7674788D}.Release|iPhone.Build.0 = Release|Any CPU
		{E66BFEFA-D9D2-468D-92B6-D5FD7674788D}.Release|iPhoneSimulator.ActiveCfg = Release|Any CPU
		{E66BFEFA-D9D2-468D-92B6-D5FD7674788D}.Release|iPhoneSimulator.Build.0 = Release|Any CPU
		{E66BFEFA-D9D2-468D-92B6-D5FD7674788D}.Release|iPhoneSimulator.Deploy.0 = Release|Any CPU
		{E66BFEFA-D9D2-468D-92B6-D5FD7674788D}.Release|x64.ActiveCfg = Release|Any CPU
		{E66BFEFA-D9D2-468D-92B6-D5FD7674788D}.Release|x64.Build.0 = Release|Any CPU
		{E66BFEFA-D9D2-468D-92B6-D5FD7674788D}.Release|x64.Deploy.0 = Release|Any CPU
		{E66BFEFA-D9D2-468D-92B6-D5FD7674788D}.Release|x86.ActiveCfg = Release|Any CPU
		{E66BFEFA-D9D2-468D-92B6-D5FD7674788D}.Release|x86.Build.0 = Release|Any CPU
		{E66BFEFA-D9D2-468D-92B6-D5FD7674788D}.Release|x86.Deploy.0 = Release|Any CPU



		{761D821E-9905-4444-9ADF-76C995FE5427}.Debug|Any CPU.ActiveCfg = Debug|Any CPU
		{761D821E-9905-4444-9ADF-76C995FE5427}.Debug|Any CPU.Build.0 = Debug|Any CPU
		{761D821E-9905-4444-9ADF-76C995FE5427}.Debug|ARM.ActiveCfg = Debug|Any CPU
		{761D821E-9905-4444-9ADF-76C995FE5427}.Debug|ARM.Build.0 = Debug|Any CPU
		{761D821E-9905-4444-9ADF-76C995FE5427}.Debug|ARM64.ActiveCfg = Debug|Any CPU
		{761D821E-9905-4444-9ADF-76C995FE5427}.Debug|ARM64.Build.0 = Debug|Any CPU
		{761D821E-9905-4444-9ADF-76C995FE5427}.Debug|iPhone.ActiveCfg = Debug|Any CPU
		{761D821E-9905-4444-9ADF-76C995FE5427}.Debug|iPhone.Build.0 = Debug|Any CPU
		{761D821E-9905-4444-9ADF-76C995FE5427}.Debug|iPhoneSimulator.ActiveCfg = Debug|Any CPU
		{761D821E-9905-4444-9ADF-76C995FE5427}.Debug|iPhoneSimulator.Build.0 = Debug|Any CPU
		{761D821E-9905-4444-9ADF-76C995FE5427}.Debug|x64.ActiveCfg = Debug|Any CPU
		{761D821E-9905-4444-9ADF-76C995FE5427}.Debug|x64.Build.0 = Debug|Any CPU
		{761D821E-9905-4444-9ADF-76C995FE5427}.Debug|x86.ActiveCfg = Debug|Any CPU
		{761D821E-9905-4444-9ADF-76C995FE5427}.Debug|x86.Build.0 = Debug|Any CPU
		{761D821E-9905-4444-9ADF-76C995FE5427}.Release|Any CPU.ActiveCfg = Release|Any CPU
		{761D821E-9905-4444-9ADF-76C995FE5427}.Release|Any CPU.Build.0 = Release|Any CPU
		{761D821E-9905-4444-9ADF-76C995FE5427}.Release|ARM.ActiveCfg = Release|Any CPU
		{761D821E-9905-4444-9ADF-76C995FE5427}.Release|ARM.Build.0 = Release|Any CPU
		{761D821E-9905-4444-9ADF-76C995FE5427}.Release|ARM64.ActiveCfg = Release|Any CPU
		{761D821E-9905-4444-9ADF-76C995FE5427}.Release|ARM64.Build.0 = Release|Any CPU
		{761D821E-9905-4444-9ADF-76C995FE5427}.Release|iPhone.ActiveCfg = Release|Any CPU
		{761D821E-9905-4444-9ADF-76C995FE5427}.Release|iPhone.Build.0 = Release|Any CPU
		{761D821E-9905-4444-9ADF-76C995FE5427}.Release|iPhoneSimulator.ActiveCfg = Release|Any CPU
		{761D821E-9905-4444-9ADF-76C995FE5427}.Release|iPhoneSimulator.Build.0 = Release|Any CPU
		{761D821E-9905-4444-9ADF-76C995FE5427}.Release|x64.ActiveCfg = Release|Any CPU
		{761D821E-9905-4444-9ADF-76C995FE5427}.Release|x64.Build.0 = Release|Any CPU
		{761D821E-9905-4444-9ADF-76C995FE5427}.Release|x86.ActiveCfg = Release|Any CPU
		{761D821E-9905-4444-9ADF-76C995FE5427}.Release|x86.Build.0 = Release|Any CPU

		{6CF284A4-22B1-4F05-97F4-F095C07A598E}.Debug|Any CPU.ActiveCfg = Debug|Any CPU
		{6CF284A4-22B1-4F05-97F4-F095C07A598E}.Debug|Any CPU.Build.0 = Debug|Any CPU
		{6CF284A4-22B1-4F05-97F4-F095C07A598E}.Debug|ARM.ActiveCfg = Debug|Any CPU
		{6CF284A4-22B1-4F05-97F4-F095C07A598E}.Debug|ARM.Build.0 = Debug|Any CPU
		{6CF284A4-22B1-4F05-97F4-F095C07A598E}.Debug|ARM64.ActiveCfg = Debug|Any CPU
		{6CF284A4-22B1-4F05-97F4-F095C07A598E}.Debug|ARM64.Build.0 = Debug|Any CPU
		{6CF284A4-22B1-4F05-97F4-F095C07A598E}.Debug|iPhone.ActiveCfg = Debug|Any CPU
		{6CF284A4-22B1-4F05-97F4-F095C07A598E}.Debug|iPhone.Build.0 = Debug|Any CPU
		{6CF284A4-22B1-4F05-97F4-F095C07A598E}.Debug|iPhoneSimulator.ActiveCfg = Debug|Any CPU
		{6CF284A4-22B1-4F05-97F4-F095C07A598E}.Debug|iPhoneSimulator.Build.0 = Debug|Any CPU
		{6CF284A4-22B1-4F05-97F4-F095C07A598E}.Debug|x64.ActiveCfg = Debug|Any CPU
		{6CF284A4-22B1-4F05-97F4-F095C07A598E}.Debug|x64.Build.0 = Debug|Any CPU
		{6CF284A4-22B1-4F05-97F4-F095C07A598E}.Debug|x86.ActiveCfg = Debug|Any CPU
		{6CF284A4-22B1-4F05-97F4-F095C07A598E}.Debug|x86.Build.0 = Debug|Any CPU
		{6CF284A4-22B1-4F05-97F4-F095C07A598E}.Release|Any CPU.ActiveCfg = Release|Any CPU
		{6CF284A4-22B1-4F05-97F4-F095C07A598E}.Release|Any CPU.Build.0 = Release|Any CPU
		{6CF284A4-22B1-4F05-97F4-F095C07A598E}.Release|ARM.ActiveCfg = Release|Any CPU
		{6CF284A4-22B1-4F05-97F4-F095C07A598E}.Release|ARM.Build.0 = Release|Any CPU
		{6CF284A4-22B1-4F05-97F4-F095C07A598E}.Release|ARM64.ActiveCfg = Release|Any CPU
		{6CF284A4-22B1-4F05-97F4-F095C07A598E}.Release|ARM64.Build.0 = Release|Any CPU
		{6CF284A4-22B1-4F05-97F4-F095C07A598E}.Release|iPhone.ActiveCfg = Release|Any CPU
		{6CF284A4-22B1-4F05-97F4-F095C07A598E}.Release|iPhone.Build.0 = Release|Any CPU
		{6CF284A4-22B1-4F05-97F4-F095C07A598E}.Release|iPhoneSimulator.ActiveCfg = Release|Any CPU
		{6CF284A4-22B1-4F05-97F4-F095C07A598E}.Release|iPhoneSimulator.Build.0 = Release|Any CPU
		{6CF284A4-22B1-4F05-97F4-F095C07A598E}.Release|x64.ActiveCfg = Release|Any CPU
		{6CF284A4-22B1-4F05-97F4-F095C07A598E}.Release|x64.Build.0 = Release|Any CPU
		{6CF284A4-22B1-4F05-97F4-F095C07A598E}.Release|x86.ActiveCfg = Release|Any CPU
		{6CF284A4-22B1-4F05-97F4-F095C07A598E}.Release|x86.Build.0 = Release|Any CPU

		{40EA03F7-8A22-4143-B251-79BAC3EB13D2}.Debug|Any CPU.ActiveCfg = Debug|Any CPU
		{40EA03F7-8A22-4143-B251-79BAC3EB13D2}.Debug|Any CPU.Build.0 = Debug|Any CPU
		{40EA03F7-8A22-4143-B251-79BAC3EB13D2}.Debug|ARM.ActiveCfg = Debug|Any CPU
		{40EA03F7-8A22-4143-B251-79BAC3EB13D2}.Debug|ARM.Build.0 = Debug|Any CPU
		{40EA03F7-8A22-4143-B251-79BAC3EB13D2}.Debug|ARM64.ActiveCfg = Debug|Any CPU
		{40EA03F7-8A22-4143-B251-79BAC3EB13D2}.Debug|ARM64.Build.0 = Debug|Any CPU
		{40EA03F7-8A22-4143-B251-79BAC3EB13D2}.Debug|iPhone.ActiveCfg = Debug|Any CPU
		{40EA03F7-8A22-4143-B251-79BAC3EB13D2}.Debug|iPhone.Build.0 = Debug|Any CPU
		{40EA03F7-8A22-4143-B251-79BAC3EB13D2}.Debug|iPhoneSimulator.ActiveCfg = Debug|Any CPU
		{40EA03F7-8A22-4143-B251-79BAC3EB13D2}.Debug|iPhoneSimulator.Build.0 = Debug|Any CPU
		{40EA03F7-8A22-4143-B251-79BAC3EB13D2}.Debug|x64.ActiveCfg = Debug|Any CPU
		{40EA03F7-8A22-4143-B251-79BAC3EB13D2}.Debug|x64.Build.0 = Debug|Any CPU
		{40EA03F7-8A22-4143-B251-79BAC3EB13D2}.Debug|x86.ActiveCfg = Debug|Any CPU
		{40EA03F7-8A22-4143-B251-79BAC3EB13D2}.Debug|x86.Build.0 = Debug|Any CPU
		{40EA03F7-8A22-4143-B251-79BAC3EB13D2}.Release|Any CPU.ActiveCfg = Release|Any CPU
		{40EA03F7-8A22-4143-B251-79BAC3EB13D2}.Release|Any CPU.Build.0 = Release|Any CPU
		{40EA03F7-8A22-4143-B251-79BAC3EB13D2}.Release|ARM.ActiveCfg = Release|Any CPU
		{40EA03F7-8A22-4143-B251-79BAC3EB13D2}.Release|ARM.Build.0 = Release|Any CPU
		{40EA03F7-8A22-4143-B251-79BAC3EB13D2}.Release|ARM64.ActiveCfg = Release|Any CPU
		{40EA03F7-8A22-4143-B251-79BAC3EB13D2}.Release|ARM64.Build.0 = Release|Any CPU
		{40EA03F7-8A22-4143-B251-79BAC3EB13D2}.Release|iPhone.ActiveCfg = Release|Any CPU
		{40EA03F7-8A22-4143-B251-79BAC3EB13D2}.Release|iPhone.Build.0 = Release|Any CPU
		{40EA03F7-8A22-4143-B251-79BAC3EB13D2}.Release|iPhoneSimulator.ActiveCfg = Release|Any CPU
		{40EA03F7-8A22-4143-B251-79BAC3EB13D2}.Release|iPhoneSimulator.Build.0 = Release|Any CPU
		{40EA03F7-8A22-4143-B251-79BAC3EB13D2}.Release|x64.ActiveCfg = Release|Any CPU
		{40EA03F7-8A22-4143-B251-79BAC3EB13D2}.Release|x64.Build.0 = Release|Any CPU
		{40EA03F7-8A22-4143-B251-79BAC3EB13D2}.Release|x86.ActiveCfg = Release|Any CPU
		{40EA03F7-8A22-4143-B251-79BAC3EB13D2}.Release|x86.Build.0 = Release|Any CPU
		{38D5E885-42A1-467B-A160-1E412E26A8A9}.Debug|Any CPU.ActiveCfg = Debug|iPhoneSimulator
		{38D5E885-42A1-467B-A160-1E412E26A8A9}.Debug|Any CPU.Build.0 = Debug|iPhoneSimulator
		{38D5E885-42A1-467B-A160-1E412E26A8A9}.Debug|ARM.ActiveCfg = Debug|iPhoneSimulator
		{38D5E885-42A1-467B-A160-1E412E26A8A9}.Debug|ARM64.ActiveCfg = Debug|iPhoneSimulator
		{38D5E885-42A1-467B-A160-1E412E26A8A9}.Debug|iPhone.ActiveCfg = Debug|iPhoneSimulator
		{38D5E885-42A1-467B-A160-1E412E26A8A9}.Debug|iPhone.Build.0 = Debug|iPhoneSimulator
		{38D5E885-42A1-467B-A160-1E412E26A8A9}.Debug|iPhoneSimulator.ActiveCfg = Debug|iPhoneSimulator
		{38D5E885-42A1-467B-A160-1E412E26A8A9}.Debug|iPhoneSimulator.Build.0 = Debug|iPhoneSimulator
		{38D5E885-42A1-467B-A160-1E412E26A8A9}.Debug|x64.ActiveCfg = Debug|iPhoneSimulator
		{38D5E885-42A1-467B-A160-1E412E26A8A9}.Debug|x64.Build.0 = Debug|iPhoneSimulator
		{38D5E885-42A1-467B-A160-1E412E26A8A9}.Debug|x86.ActiveCfg = Debug|iPhoneSimulator
		{38D5E885-42A1-467B-A160-1E412E26A8A9}.Debug|x86.Build.0 = Debug|iPhoneSimulator
		{38D5E885-42A1-467B-A160-1E412E26A8A9}.Release|Any CPU.ActiveCfg = Release|iPhoneSimulator
		{38D5E885-42A1-467B-A160-1E412E26A8A9}.Release|ARM.ActiveCfg = Release|iPhoneSimulator
		{38D5E885-42A1-467B-A160-1E412E26A8A9}.Release|ARM64.ActiveCfg = Release|iPhoneSimulator
		{38D5E885-42A1-467B-A160-1E412E26A8A9}.Release|iPhone.ActiveCfg = Release|iPhoneSimulator
		{38D5E885-42A1-467B-A160-1E412E26A8A9}.Release|iPhone.Build.0 = Release|iPhoneSimulator
		{38D5E885-42A1-467B-A160-1E412E26A8A9}.Release|iPhoneSimulator.ActiveCfg = Release|iPhoneSimulator
		{38D5E885-42A1-467B-A160-1E412E26A8A9}.Release|iPhoneSimulator.Build.0 = Release|iPhoneSimulator
		{38D5E885-42A1-467B-A160-1E412E26A8A9}.Release|x64.ActiveCfg = Release|iPhoneSimulator
		{38D5E885-42A1-467B-A160-1E412E26A8A9}.Release|x64.Build.0 = Release|iPhoneSimulator
		{38D5E885-42A1-467B-A160-1E412E26A8A9}.Release|x86.ActiveCfg = Release|iPhoneSimulator
		{38D5E885-42A1-467B-A160-1E412E26A8A9}.Release|x86.Build.0 = Release|iPhoneSimulator
	EndGlobalSection
	GlobalSection(SolutionProperties) = preSolution
		HideSolutionNode = FALSE
	EndGlobalSection
	GlobalSection(ExtensibilityGlobals) = postSolution
		SolutionGuid = {C7433AE2-B1A0-4C1A-887E-5CAA7AAF67A6}
	EndGlobalSection
EndGlobal
